
Microsoft Visual Studio Solution File, Format Version 12.00
# Visual Studio Version 17
VisualStudioVersion = 17.14.36414.22 d17.14
MinimumVisualStudioVersion = 10.0.40219.1
Project("{FAE04EC0-301F-11D3-BF4B-00C04F79EFBC}") = "EpicPlanner", "EpicPlanner\EpicPlanner.csproj", "{C372649E-D342-4535-AE63-8B28BE17091D}"
EndProject
Global
	GlobalSection(SolutionConfigurationPlatforms) = preSolution
		Debug|Any CPU = Debug|Any CPU
		Release|Any CPU = Release|Any CPU
	EndGlobalSection
	GlobalSection(ProjectConfigurationPlatforms) = postSolution
		{C372649E-D342-4535-AE63-8B28BE17091D}.Debug|Any CPU.ActiveCfg = Debug|Any CPU
		{C372649E-D342-4535-AE63-8B28BE17091D}.Debug|Any CPU.Build.0 = Debug|Any CPU
		{C372649E-D342-4535-AE63-8B28BE17091D}.Release|Any CPU.ActiveCfg = Release|Any CPU
		{C372649E-D342-4535-AE63-8B28BE17091D}.Release|Any CPU.Build.0 = Release|Any CPU
	EndGlobalSection
	GlobalSection(SolutionProperties) = preSolution
		HideSolutionNode = FALSE
	EndGlobalSection
	GlobalSection(ExtensibilityGlobals) = postSolution
		SolutionGuid = {3A0F4300-5220-4F7B-84AF-048092B9C4CB}
	EndGlobalSection
EndGlobal
